
Microsoft Visual Studio Solution File, Format Version 12.00
Project("{FAE04EC0-301F-11D3-BF4B-00C04F79EFBC}") = "UrlShortener.Host", "UrlShortener.Host\UrlShortener.Host.csproj", "{FE33FD05-1FC5-4D6D-B9F2-5D5F56CF35F2}"
EndProject
Project("{FAE04EC0-301F-11D3-BF4B-00C04F79EFBC}") = "UrlShortener.Infrastructure.AzureTableStorage", "UrlShortener.Infrastructure.AzureTableStorage\UrlShortener.Infrastructure.AzureTableStorage.csproj", "{80FAF42E-9FD7-4290-8D3B-E95FA37DA613}"
EndProject
Project("{FAE04EC0-301F-11D3-BF4B-00C04F79EFBC}") = "UrlShortener.Core", "UrlShortener.Core\UrlShortener.Core.csproj", "{72D9E98C-FC50-4459-8957-CC4382859629}"
EndProject
Project("{FAE04EC0-301F-11D3-BF4B-00C04F79EFBC}") = "UrlShortener.Infrastructure.Auth", "UrlShortener.Infrastructure.Auth\UrlShortener.Infrastructure.Auth.csproj", "{4C0C992A-4CFC-486F-9966-B826D0239F50}"
EndProject
Project("{FAE04EC0-301F-11D3-BF4B-00C04F79EFBC}") = "UrlShortener.Infrastructure.SqliteStorage", "UrlShortener.Infrastructure.SqliteStorage\UrlShortener.Infrastructure.SqliteStorage.csproj", "{9A4B7DE0-4B8E-4A1F-9D5C-8B7C3F2E1A20}"
EndProject
Project("{2150E333-8FDC-42A3-9474-1A3956D46DE8}") = "Infrastructure", "Infrastructure", "{F39784C6-2875-43B6-B7B9-92C6934E52E0}"
EndProject
Project("{2150E333-8FDC-42A3-9474-1A3956D46DE8}") = "tests", "tests", "{0AB3BF05-4346-4AA6-1389-037BE0695223}"
EndProject
Project("{FAE04EC0-301F-11D3-BF4B-00C04F79EFBC}") = "UrlShortener.Core.Tests", "..\tests\UrlShortener.Core.Tests\UrlShortener.Core.Tests.csproj", "{2DB93DDF-E921-44BD-BEFA-3D384F735A91}"
EndProject
Project("{FAE04EC0-301F-11D3-BF4B-00C04F79EFBC}") = "UrlShortener.Infrastructure.Auth.Tests", "..\tests\UrlShortener.Infrastructure.Auth.Tests\UrlShortener.Infrastructure.Auth.Tests.csproj", "{3FB79EBE-62FC-43DA-9CB1-0BA460EDB877}"
EndProject
Project("{FAE04EC0-301F-11D3-BF4B-00C04F79EFBC}") = "UrlShortener.Infrastructure.SqliteStorage.Tests", "..\tests\UrlShortener.Infrastructure.SqliteStorage.Tests\UrlShortener.Infrastructure.SqliteStorage.Tests.csproj", "{E3B2971B-5A59-4072-B75E-4B64F7BD68B9}"
EndProject
Project("{FAE04EC0-301F-11D3-BF4B-00C04F79EFBC}") = "UrlShortener.Infrastructure.AzureTableStorage.Tests", "..\tests\UrlShortener.Infrastructure.AzureTableStorage.Tests\UrlShortener.Infrastructure.AzureTableStorage.Tests.csproj", "{8BFEE266-3ECD-40AD-AD52-C326525270D6}"
EndProject
Project("{FAE04EC0-301F-11D3-BF4B-00C04F79EFBC}") = "UrlShortener.Host.Tests", "..\tests\UrlShortener.Host.Tests\UrlShortener.Host.Tests.csproj", "{9D2A0519-CE03-4025-8DCC-277764A901C1}"
EndProject
Global
	GlobalSection(SolutionConfigurationPlatforms) = preSolution
		Debug|Any CPU = Debug|Any CPU
		Debug|x64 = Debug|x64
		Debug|x86 = Debug|x86
		Release|Any CPU = Release|Any CPU
		Release|x64 = Release|x64
		Release|x86 = Release|x86
	EndGlobalSection
	GlobalSection(ProjectConfigurationPlatforms) = postSolution
		{FE33FD05-1FC5-4D6D-B9F2-5D5F56CF35F2}.Debug|Any CPU.ActiveCfg = Debug|Any CPU
		{FE33FD05-1FC5-4D6D-B9F2-5D5F56CF35F2}.Debug|Any CPU.Build.0 = Debug|Any CPU
		{FE33FD05-1FC5-4D6D-B9F2-5D5F56CF35F2}.Debug|x64.ActiveCfg = Debug|Any CPU
		{FE33FD05-1FC5-4D6D-B9F2-5D5F56CF35F2}.Debug|x64.Build.0 = Debug|Any CPU
		{FE33FD05-1FC5-4D6D-B9F2-5D5F56CF35F2}.Debug|x86.ActiveCfg = Debug|Any CPU
		{FE33FD05-1FC5-4D6D-B9F2-5D5F56CF35F2}.Debug|x86.Build.0 = Debug|Any CPU
		{FE33FD05-1FC5-4D6D-B9F2-5D5F56CF35F2}.Release|Any CPU.ActiveCfg = Release|Any CPU
		{FE33FD05-1FC5-4D6D-B9F2-5D5F56CF35F2}.Release|Any CPU.Build.0 = Release|Any CPU
		{FE33FD05-1FC5-4D6D-B9F2-5D5F56CF35F2}.Release|x64.ActiveCfg = Release|Any CPU
		{FE33FD05-1FC5-4D6D-B9F2-5D5F56CF35F2}.Release|x64.Build.0 = Release|Any CPU
		{FE33FD05-1FC5-4D6D-B9F2-5D5F56CF35F2}.Release|x86.ActiveCfg = Release|Any CPU
		{FE33FD05-1FC5-4D6D-B9F2-5D5F56CF35F2}.Release|x86.Build.0 = Release|Any CPU
		{80FAF42E-9FD7-4290-8D3B-E95FA37DA613}.Debug|Any CPU.ActiveCfg = Debug|Any CPU
		{80FAF42E-9FD7-4290-8D3B-E95FA37DA613}.Debug|Any CPU.Build.0 = Debug|Any CPU
		{80FAF42E-9FD7-4290-8D3B-E95FA37DA613}.Debug|x64.ActiveCfg = Debug|Any CPU
		{80FAF42E-9FD7-4290-8D3B-E95FA37DA613}.Debug|x64.Build.0 = Debug|Any CPU
		{80FAF42E-9FD7-4290-8D3B-E95FA37DA613}.Debug|x86.ActiveCfg = Debug|Any CPU
		{80FAF42E-9FD7-4290-8D3B-E95FA37DA613}.Debug|x86.Build.0 = Debug|Any CPU
		{80FAF42E-9FD7-4290-8D3B-E95FA37DA613}.Release|Any CPU.ActiveCfg = Release|Any CPU
		{80FAF42E-9FD7-4290-8D3B-E95FA37DA613}.Release|Any CPU.Build.0 = Release|Any CPU
		{80FAF42E-9FD7-4290-8D3B-E95FA37DA613}.Release|x64.ActiveCfg = Release|Any CPU
		{80FAF42E-9FD7-4290-8D3B-E95FA37DA613}.Release|x64.Build.0 = Release|Any CPU
		{80FAF42E-9FD7-4290-8D3B-E95FA37DA613}.Release|x86.ActiveCfg = Release|Any CPU
		{80FAF42E-9FD7-4290-8D3B-E95FA37DA613}.Release|x86.Build.0 = Release|Any CPU
		{72D9E98C-FC50-4459-8957-CC4382859629}.Debug|Any CPU.ActiveCfg = Debug|Any CPU
		{72D9E98C-FC50-4459-8957-CC4382859629}.Debug|Any CPU.Build.0 = Debug|Any CPU
		{72D9E98C-FC50-4459-8957-CC4382859629}.Debug|x64.ActiveCfg = Debug|Any CPU
		{72D9E98C-FC50-4459-8957-CC4382859629}.Debug|x64.Build.0 = Debug|Any CPU
		{72D9E98C-FC50-4459-8957-CC4382859629}.Debug|x86.ActiveCfg = Debug|Any CPU
		{72D9E98C-FC50-4459-8957-CC4382859629}.Debug|x86.Build.0 = Debug|Any CPU
		{72D9E98C-FC50-4459-8957-CC4382859629}.Release|Any CPU.ActiveCfg = Release|Any CPU
		{72D9E98C-FC50-4459-8957-CC4382859629}.Release|Any CPU.Build.0 = Release|Any CPU
		{72D9E98C-FC50-4459-8957-CC4382859629}.Release|x64.ActiveCfg = Release|Any CPU
		{72D9E98C-FC50-4459-8957-CC4382859629}.Release|x64.Build.0 = Release|Any CPU
		{72D9E98C-FC50-4459-8957-CC4382859629}.Release|x86.ActiveCfg = Release|Any CPU
		{72D9E98C-FC50-4459-8957-CC4382859629}.Release|x86.Build.0 = Release|Any CPU
		{4C0C992A-4CFC-486F-9966-B826D0239F50}.Debug|Any CPU.ActiveCfg = Debug|Any CPU
		{4C0C992A-4CFC-486F-9966-B826D0239F50}.Debug|Any CPU.Build.0 = Debug|Any CPU
		{4C0C992A-4CFC-486F-9966-B826D0239F50}.Debug|x64.ActiveCfg = Debug|Any CPU
		{4C0C992A-4CFC-486F-9966-B826D0239F50}.Debug|x64.Build.0 = Debug|Any CPU
		{4C0C992A-4CFC-486F-9966-B826D0239F50}.Debug|x86.ActiveCfg = Debug|Any CPU
		{4C0C992A-4CFC-486F-9966-B826D0239F50}.Debug|x86.Build.0 = Debug|Any CPU
		{4C0C992A-4CFC-486F-9966-B826D0239F50}.Release|Any CPU.ActiveCfg = Release|Any CPU
		{4C0C992A-4CFC-486F-9966-B826D0239F50}.Release|Any CPU.Build.0 = Release|Any CPU
		{4C0C992A-4CFC-486F-9966-B826D0239F50}.Release|x64.ActiveCfg = Release|Any CPU
		{4C0C992A-4CFC-486F-9966-B826D0239F50}.Release|x64.Build.0 = Release|Any CPU
		{4C0C992A-4CFC-486F-9966-B826D0239F50}.Release|x86.ActiveCfg = Release|Any CPU
		{4C0C992A-4CFC-486F-9966-B826D0239F50}.Release|x86.Build.0 = Release|Any CPU
		{9A4B7DE0-4B8E-4A1F-9D5C-8B7C3F2E1A20}.Debug|Any CPU.ActiveCfg = Debug|Any CPU
		{9A4B7DE0-4B8E-4A1F-9D5C-8B7C3F2E1A20}.Debug|Any CPU.Build.0 = Debug|Any CPU
		{9A4B7DE0-4B8E-4A1F-9D5C-8B7C3F2E1A20}.Debug|x64.ActiveCfg = Debug|Any CPU
		{9A4B7DE0-4B8E-4A1F-9D5C-8B7C3F2E1A20}.Debug|x64.Build.0 = Debug|Any CPU
		{9A4B7DE0-4B8E-4A1F-9D5C-8B7C3F2E1A20}.Debug|x86.ActiveCfg = Debug|Any CPU
		{9A4B7DE0-4B8E-4A1F-9D5C-8B7C3F2E1A20}.Debug|x86.Build.0 = Debug|Any CPU
		{9A4B7DE0-4B8E-4A1F-9D5C-8B7C3F2E1A20}.Release|Any CPU.ActiveCfg = Release|Any CPU
		{9A4B7DE0-4B8E-4A1F-9D5C-8B7C3F2E1A20}.Release|Any CPU.Build.0 = Release|Any CPU
		{9A4B7DE0-4B8E-4A1F-9D5C-8B7C3F2E1A20}.Release|x64.ActiveCfg = Release|Any CPU
		{9A4B7DE0-4B8E-4A1F-9D5C-8B7C3F2E1A20}.Release|x64.Build.0 = Release|Any CPU
		{9A4B7DE0-4B8E-4A1F-9D5C-8B7C3F2E1A20}.Release|x86.ActiveCfg = Release|Any CPU
		{9A4B7DE0-4B8E-4A1F-9D5C-8B7C3F2E1A20}.Release|x86.Build.0 = Release|Any CPU
		{2DB93DDF-E921-44BD-BEFA-3D384F735A91}.Debug|Any CPU.ActiveCfg = Debug|Any CPU
		{2DB93DDF-E921-44BD-BEFA-3D384F735A91}.Debug|Any CPU.Build.0 = Debug|Any CPU
		{2DB93DDF-E921-44BD-BEFA-3D384F735A91}.Debug|x64.ActiveCfg = Debug|Any CPU
		{2DB93DDF-E921-44BD-BEFA-3D384F735A91}.Debug|x64.Build.0 = Debug|Any CPU
		{2DB93DDF-E921-44BD-BEFA-3D384F735A91}.Debug|x86.ActiveCfg = Debug|Any CPU
		{2DB93DDF-E921-44BD-BEFA-3D384F735A91}.Debug|x86.Build.0 = Debug|Any CPU
		{2DB93DDF-E921-44BD-BEFA-3D384F735A91}.Release|Any CPU.ActiveCfg = Release|Any CPU
		{2DB93DDF-E921-44BD-BEFA-3D384F735A91}.Release|Any CPU.Build.0 = Release|Any CPU
		{2DB93DDF-E921-44BD-BEFA-3D384F735A91}.Release|x64.ActiveCfg = Release|Any CPU
		{2DB93DDF-E921-44BD-BEFA-3D384F735A91}.Release|x64.Build.0 = Release|Any CPU
		{2DB93DDF-E921-44BD-BEFA-3D384F735A91}.Release|x86.ActiveCfg = Release|Any CPU
		{2DB93DDF-E921-44BD-BEFA-3D384F735A91}.Release|x86.Build.0 = Release|Any CPU
		{3FB79EBE-62FC-43DA-9CB1-0BA460EDB877}.Debug|Any CPU.ActiveCfg = Debug|Any CPU
		{3FB79EBE-62FC-43DA-9CB1-0BA460EDB877}.Debug|Any CPU.Build.0 = Debug|Any CPU
		{3FB79EBE-62FC-43DA-9CB1-0BA460EDB877}.Debug|x64.ActiveCfg = Debug|Any CPU
		{3FB79EBE-62FC-43DA-9CB1-0BA460EDB877}.Debug|x64.Build.0 = Debug|Any CPU
		{3FB79EBE-62FC-43DA-9CB1-0BA460EDB877}.Debug|x86.ActiveCfg = Debug|Any CPU
		{3FB79EBE-62FC-43DA-9CB1-0BA460EDB877}.Debug|x86.Build.0 = Debug|Any CPU
		{3FB79EBE-62FC-43DA-9CB1-0BA460EDB877}.Release|Any CPU.ActiveCfg = Release|Any CPU
		{3FB79EBE-62FC-43DA-9CB1-0BA460EDB877}.Release|Any CPU.Build.0 = Release|Any CPU
		{3FB79EBE-62FC-43DA-9CB1-0BA460EDB877}.Release|x64.ActiveCfg = Release|Any CPU
		{3FB79EBE-62FC-43DA-9CB1-0BA460EDB877}.Release|x64.Build.0 = Release|Any CPU
		{3FB79EBE-62FC-43DA-9CB1-0BA460EDB877}.Release|x86.ActiveCfg = Release|Any CPU
		{3FB79EBE-62FC-43DA-9CB1-0BA460EDB877}.Release|x86.Build.0 = Release|Any CPU
		{E3B2971B-5A59-4072-B75E-4B64F7BD68B9}.Debug|Any CPU.ActiveCfg = Debug|Any CPU
		{E3B2971B-5A59-4072-B75E-4B64F7BD68B9}.Debug|Any CPU.Build.0 = Debug|Any CPU
		{E3B2971B-5A59-4072-B75E-4B64F7BD68B9}.Debug|x64.ActiveCfg = Debug|Any CPU
		{E3B2971B-5A59-4072-B75E-4B64F7BD68B9}.Debug|x64.Build.0 = Debug|Any CPU
		{E3B2971B-5A59-4072-B75E-4B64F7BD68B9}.Debug|x86.ActiveCfg = Debug|Any CPU
		{E3B2971B-5A59-4072-B75E-4B64F7BD68B9}.Debug|x86.Build.0 = Debug|Any CPU
		{E3B2971B-5A59-4072-B75E-4B64F7BD68B9}.Release|Any CPU.ActiveCfg = Release|Any CPU
		{E3B2971B-5A59-4072-B75E-4B64F7BD68B9}.Release|Any CPU.Build.0 = Release|Any CPU
		{E3B2971B-5A59-4072-B75E-4B64F7BD68B9}.Release|x64.ActiveCfg = Release|Any CPU
		{E3B2971B-5A59-4072-B75E-4B64F7BD68B9}.Release|x64.Build.0 = Release|Any CPU
		{E3B2971B-5A59-4072-B75E-4B64F7BD68B9}.Release|x86.ActiveCfg = Release|Any CPU
		{E3B2971B-5A59-4072-B75E-4B64F7BD68B9}.Release|x86.Build.0 = Release|Any CPU
		{8BFEE266-3ECD-40AD-AD52-C326525270D6}.Debug|Any CPU.ActiveCfg = Debug|Any CPU
		{8BFEE266-3ECD-40AD-AD52-C326525270D6}.Debug|Any CPU.Build.0 = Debug|Any CPU
		{8BFEE266-3ECD-40AD-AD52-C326525270D6}.Debug|x64.ActiveCfg = Debug|Any CPU
		{8BFEE266-3ECD-40AD-AD52-C326525270D6}.Debug|x64.Build.0 = Debug|Any CPU
		{8BFEE266-3ECD-40AD-AD52-C326525270D6}.Debug|x86.ActiveCfg = Debug|Any CPU
		{8BFEE266-3ECD-40AD-AD52-C326525270D6}.Debug|x86.Build.0 = Debug|Any CPU
		{8BFEE266-3ECD-40AD-AD52-C326525270D6}.Release|Any CPU.ActiveCfg = Release|Any CPU
		{8BFEE266-3ECD-40AD-AD52-C326525270D6}.Release|Any CPU.Build.0 = Release|Any CPU
		{8BFEE266-3ECD-40AD-AD52-C326525270D6}.Release|x64.ActiveCfg = Release|Any CPU
		{8BFEE266-3ECD-40AD-AD52-C326525270D6}.Release|x64.Build.0 = Release|Any CPU
		{8BFEE266-3ECD-40AD-AD52-C326525270D6}.Release|x86.ActiveCfg = Release|Any CPU
		{8BFEE266-3ECD-40AD-AD52-C326525270D6}.Release|x86.Build.0 = Release|Any CPU
		{9D2A0519-CE03-4025-8DCC-277764A901C1}.Debug|Any CPU.ActiveCfg = Debug|Any CPU
		{9D2A0519-CE03-4025-8DCC-277764A901C1}.Debug|Any CPU.Build.0 = Debug|Any CPU
		{9D2A0519-CE03-4025-8DCC-277764A901C1}.Debug|x64.ActiveCfg = Debug|Any CPU
		{9D2A0519-CE03-4025-8DCC-277764A901C1}.Debug|x64.Build.0 = Debug|Any CPU
		{9D2A0519-CE03-4025-8DCC-277764A901C1}.Debug|x86.ActiveCfg = Debug|Any CPU
		{9D2A0519-CE03-4025-8DCC-277764A901C1}.Debug|x86.Build.0 = Debug|Any CPU
		{9D2A0519-CE03-4025-8DCC-277764A901C1}.Release|Any CPU.ActiveCfg = Release|Any CPU
		{9D2A0519-CE03-4025-8DCC-277764A901C1}.Release|Any CPU.Build.0 = Release|Any CPU
		{9D2A0519-CE03-4025-8DCC-277764A901C1}.Release|x64.ActiveCfg = Release|Any CPU
		{9D2A0519-CE03-4025-8DCC-277764A901C1}.Release|x64.Build.0 = Release|Any CPU
		{9D2A0519-CE03-4025-8DCC-277764A901C1}.Release|x86.ActiveCfg = Release|Any CPU
		{9D2A0519-CE03-4025-8DCC-277764A901C1}.Release|x86.Build.0 = Release|Any CPU
	EndGlobalSection
	GlobalSection(SolutionProperties) = preSolution
		HideSolutionNode = FALSE
	EndGlobalSection
	GlobalSection(NestedProjects) = preSolution
		{80FAF42E-9FD7-4290-8D3B-E95FA37DA613} = {F39784C6-2875-43B6-B7B9-92C6934E52E0}
		{4C0C992A-4CFC-486F-9966-B826D0239F50} = {F39784C6-2875-43B6-B7B9-92C6934E52E0}
		{9A4B7DE0-4B8E-4A1F-9D5C-8B7C3F2E1A20} = {F39784C6-2875-43B6-B7B9-92C6934E52E0}
		{2DB93DDF-E921-44BD-BEFA-3D384F735A91} = {0AB3BF05-4346-4AA6-1389-037BE0695223}
		{3FB79EBE-62FC-43DA-9CB1-0BA460EDB877} = {0AB3BF05-4346-4AA6-1389-037BE0695223}
		{E3B2971B-5A59-4072-B75E-4B64F7BD68B9} = {0AB3BF05-4346-4AA6-1389-037BE0695223}
		{8BFEE266-3ECD-40AD-AD52-C326525270D6} = {0AB3BF05-4346-4AA6-1389-037BE0695223}
		{9D2A0519-CE03-4025-8DCC-277764A901C1} = {0AB3BF05-4346-4AA6-1389-037BE0695223}
	EndGlobalSection
EndGlobal
